
Microsoft Visual Studio Solution File, Format Version 12.00
# Visual Studio 2015
Project("{FAE04EC0-301F-11D3-BF4B-00C04F79EFBC}") = "NF28 -- TroopWars.CSharp", "NF28 -- TroopWars.CSharp.csproj", "{5A997D1F-090F-5646-1190-7DAC92194F4B}"
EndProject
Project("{FAE04EC0-301F-11D3-BF4B-00C04F79EFBC}") = "NF28 -- TroopWars.CSharp.Editor", "NF28 -- TroopWars.CSharp.Editor.csproj", "{380290D7-BA1F-321C-EB01-24EAE7CAE757}"
EndProject
Global
	GlobalSection(SolutionConfigurationPlatforms) = preSolution
		Debug|Any CPU = Debug|Any CPU
		Release|Any CPU = Release|Any CPU
	EndGlobalSection
	GlobalSection(ProjectConfigurationPlatforms) = postSolution
		{5A997D1F-090F-5646-1190-7DAC92194F4B}.Debug|Any CPU.ActiveCfg = Debug|Any CPU
		{5A997D1F-090F-5646-1190-7DAC92194F4B}.Debug|Any CPU.Build.0 = Debug|Any CPU
		{5A997D1F-090F-5646-1190-7DAC92194F4B}.Release|Any CPU.ActiveCfg = Release|Any CPU
		{5A997D1F-090F-5646-1190-7DAC92194F4B}.Release|Any CPU.Build.0 = Release|Any CPU
		{380290D7-BA1F-321C-EB01-24EAE7CAE757}.Debug|Any CPU.ActiveCfg = Debug|Any CPU
		{380290D7-BA1F-321C-EB01-24EAE7CAE757}.Debug|Any CPU.Build.0 = Debug|Any CPU
		{380290D7-BA1F-321C-EB01-24EAE7CAE757}.Release|Any CPU.ActiveCfg = Release|Any CPU
		{380290D7-BA1F-321C-EB01-24EAE7CAE757}.Release|Any CPU.Build.0 = Release|Any CPU
	EndGlobalSection
	GlobalSection(SolutionProperties) = preSolution
		HideSolutionNode = FALSE
	EndGlobalSection
EndGlobal
